
Microsoft Visual Studio Solution File, Format Version 12.00
# Visual Studio Version 17
VisualStudioVersion = 17.11.35327.3
MinimumVisualStudioVersion = 10.0.40219.1
Project("{FAE04EC0-301F-11D3-BF4B-00C04F79EFBC}") = "assignmentConsultTik", "assignmentConsultTik\assignmentConsultTik.csproj", "{FFC1B2E0-243D-4B96-9B78-C634B3C954EB}"
EndProject
Global
	GlobalSection(SolutionConfigurationPlatforms) = preSolution
		Debug|Any CPU = Debug|Any CPU
		Release|Any CPU = Release|Any CPU
	EndGlobalSection
	GlobalSection(ProjectConfigurationPlatforms) = postSolution
		{FFC1B2E0-243D-4B96-9B78-C634B3C954EB}.Debug|Any CPU.ActiveCfg = Debug|Any CPU
		{FFC1B2E0-243D-4B96-9B78-C634B3C954EB}.Debug|Any CPU.Build.0 = Debug|Any CPU
		{FFC1B2E0-243D-4B96-9B78-C634B3C954EB}.Release|Any CPU.ActiveCfg = Release|Any CPU
		{FFC1B2E0-243D-4B96-9B78-C634B3C954EB}.Release|Any CPU.Build.0 = Release|Any CPU
	EndGlobalSection
	GlobalSection(SolutionProperties) = preSolution
		HideSolutionNode = FALSE
	EndGlobalSection
	GlobalSection(ExtensibilityGlobals) = postSolution
		SolutionGuid = {98F3A081-D0C7-4852-AD42-5858AF52CB92}
	EndGlobalSection
EndGlobal
